
Microsoft Visual Studio Solution File, Format Version 12.00
# Visual Studio 15
VisualStudioVersion = 15.0.28307.168
MinimumVisualStudioVersion = 10.0.40219.1
Project("{FAE04EC0-301F-11D3-BF4B-00C04F79EFBC}") = "XMLDemo", "XMLDemo\XMLDemo.csproj", "{6524C496-FD78-4DBA-A8B2-A3391AE5EE33}"
EndProject
Global
	GlobalSection(SolutionConfigurationPlatforms) = preSolution
		Debug|Any CPU = Debug|Any CPU
		Release|Any CPU = Release|Any CPU
	EndGlobalSection
	GlobalSection(ProjectConfigurationPlatforms) = postSolution
		{6524C496-FD78-4DBA-A8B2-A3391AE5EE33}.Debug|Any CPU.ActiveCfg = Debug|Any CPU
		{6524C496-FD78-4DBA-A8B2-A3391AE5EE33}.Debug|Any CPU.Build.0 = Debug|Any CPU
		{6524C496-FD78-4DBA-A8B2-A3391AE5EE33}.Release|Any CPU.ActiveCfg = Release|Any CPU
		{6524C496-FD78-4DBA-A8B2-A3391AE5EE33}.Release|Any CPU.Build.0 = Release|Any CPU
	EndGlobalSection
	GlobalSection(SolutionProperties) = preSolution
		HideSolutionNode = FALSE
	EndGlobalSection
	GlobalSection(ExtensibilityGlobals) = postSolution
		SolutionGuid = {5F2A3031-8F75-4758-8D00-C86B2E3DB5A2}
	EndGlobalSection
EndGlobal
