
Microsoft Visual Studio Solution File, Format Version 12.00
# Visual Studio 15
VisualStudioVersion = 15.0.28307.852
MinimumVisualStudioVersion = 10.0.40219.1
Project("{FAE04EC0-301F-11D3-BF4B-00C04F79EFBC}") = "IPT_Week07_ProxyPattern", "IPT_Week07_ProxyPattern\IPT_Week07_ProxyPattern.csproj", "{F45CFEA6-2A25-4CA2-B72B-C98D5AED89D1}"
EndProject
Project("{FAE04EC0-301F-11D3-BF4B-00C04F79EFBC}") = "Week07_ProxyPattern2", "Week07_ProxyPattern2\Week07_ProxyPattern2.csproj", "{09041FAE-56B2-4402-9EB2-0BEEB1A1A2C6}"
EndProject
Global
	GlobalSection(SolutionConfigurationPlatforms) = preSolution
		Debug|Any CPU = Debug|Any CPU
		Release|Any CPU = Release|Any CPU
	EndGlobalSection
	GlobalSection(ProjectConfigurationPlatforms) = postSolution
		{F45CFEA6-2A25-4CA2-B72B-C98D5AED89D1}.Debug|Any CPU.ActiveCfg = Debug|Any CPU
		{F45CFEA6-2A25-4CA2-B72B-C98D5AED89D1}.Debug|Any CPU.Build.0 = Debug|Any CPU
		{F45CFEA6-2A25-4CA2-B72B-C98D5AED89D1}.Release|Any CPU.ActiveCfg = Release|Any CPU
		{F45CFEA6-2A25-4CA2-B72B-C98D5AED89D1}.Release|Any CPU.Build.0 = Release|Any CPU
		{09041FAE-56B2-4402-9EB2-0BEEB1A1A2C6}.Debug|Any CPU.ActiveCfg = Debug|Any CPU
		{09041FAE-56B2-4402-9EB2-0BEEB1A1A2C6}.Debug|Any CPU.Build.0 = Debug|Any CPU
		{09041FAE-56B2-4402-9EB2-0BEEB1A1A2C6}.Release|Any CPU.ActiveCfg = Release|Any CPU
		{09041FAE-56B2-4402-9EB2-0BEEB1A1A2C6}.Release|Any CPU.Build.0 = Release|Any CPU
	EndGlobalSection
	GlobalSection(SolutionProperties) = preSolution
		HideSolutionNode = FALSE
	EndGlobalSection
	GlobalSection(ExtensibilityGlobals) = postSolution
		SolutionGuid = {989583D1-B58C-423F-AE0C-0FB4662AAA1E}
	EndGlobalSection
EndGlobal
