
Microsoft Visual Studio Solution File, Format Version 12.00
# Visual Studio Version 16
VisualStudioVersion = 16.0.29318.209
MinimumVisualStudioVersion = 10.0.40219.1
Project("{FAE04EC0-301F-11D3-BF4B-00C04F79EFBC}") = "MVCExample", "MVCExample\MVCExample.csproj", "{BB76E1EE-0FDA-4CBB-A3DA-B857404677DB}"
EndProject
Global
	GlobalSection(SolutionConfigurationPlatforms) = preSolution
		Debug|Any CPU = Debug|Any CPU
		Release|Any CPU = Release|Any CPU
	EndGlobalSection
	GlobalSection(ProjectConfigurationPlatforms) = postSolution
		{BB76E1EE-0FDA-4CBB-A3DA-B857404677DB}.Debug|Any CPU.ActiveCfg = Debug|Any CPU
		{BB76E1EE-0FDA-4CBB-A3DA-B857404677DB}.Debug|Any CPU.Build.0 = Debug|Any CPU
		{BB76E1EE-0FDA-4CBB-A3DA-B857404677DB}.Release|Any CPU.ActiveCfg = Release|Any CPU
		{BB76E1EE-0FDA-4CBB-A3DA-B857404677DB}.Release|Any CPU.Build.0 = Release|Any CPU
	EndGlobalSection
	GlobalSection(SolutionProperties) = preSolution
		HideSolutionNode = FALSE
	EndGlobalSection
	GlobalSection(ExtensibilityGlobals) = postSolution
		SolutionGuid = {F09DFB14-B76C-41CE-BC7E-479FE5259E66}
	EndGlobalSection
EndGlobal
